// !$*UTF8*$!
{
	archiveVersion = 1;
	classes = {
	};
	objectVersion = 50;
	objects = {

/* Begin PBXBuildFile section */
		530A9F61264D450700DB593F /* AppDelegate.swift in Sources */ = {isa = PBXBuildFile; fileRef = 530A9F60264D450700DB593F /* AppDelegate.swift */; };
		530A9F63264D450700DB593F /* SceneDelegate.swift in Sources */ = {isa = PBXBuildFile; fileRef = 530A9F62264D450700DB593F /* SceneDelegate.swift */; };
		530A9F65264D450700DB593F /* ViewController.swift in Sources */ = {isa = PBXBuildFile; fileRef = 530A9F64264D450700DB593F /* ViewController.swift */; };
		530A9F68264D450700DB593F /* Main.storyboard in Resources */ = {isa = PBXBuildFile; fileRef = 530A9F66264D450700DB593F /* Main.storyboard */; };
		530A9F6A264D450A00DB593F /* Assets.xcassets in Resources */ = {isa = PBXBuildFile; fileRef = 530A9F69264D450A00DB593F /* Assets.xcassets */; };
		530A9F6D264D450A00DB593F /* LaunchScreen.storyboard in Resources */ = {isa = PBXBuildFile; fileRef = 530A9F6B264D450A00DB593F /* LaunchScreen.storyboard */; };
		530A9F76264D469F00DB593F /* LoginVM.swift in Sources */ = {isa = PBXBuildFile; fileRef = 530A9F75264D469F00DB593F /* LoginVM.swift */; };
		530A9F79264D54C100DB593F /* UITextfield+Extension.swift in Sources */ = {isa = PBXBuildFile; fileRef = 530A9F78264D54C100DB593F /* UITextfield+Extension.swift */; };
		530A9F7C264D5C1500DB593F /* WelcomeVC.swift in Sources */ = {isa = PBXBuildFile; fileRef = 530A9F7B264D5C1400DB593F /* WelcomeVC.swift */; };
/* End PBXBuildFile section */

/* Begin PBXFileReference section */
		530A9F5D264D450700DB593F /* CombineDemo.app */ = {isa = PBXFileReference; explicitFileType = wrapper.application; includeInIndex = 0; path = CombineDemo.app; sourceTree = BUILT_PRODUCTS_DIR; };
		530A9F60264D450700DB593F /* AppDelegate.swift */ = {isa = PBXFileReference; lastKnownFileType = sourcecode.swift; path = AppDelegate.swift; sourceTree = "<group>"; };
		530A9F62264D450700DB593F /* SceneDelegate.swift */ = {isa = PBXFileReference; lastKnownFileType = sourcecode.swift; path = SceneDelegate.swift; sourceTree = "<group>"; };
		530A9F64264D450700DB593F /* ViewController.swift */ = {isa = PBXFileReference; lastKnownFileType = sourcecode.swift; path = ViewController.swift; sourceTree = "<group>"; };
		530A9F67264D450700DB593F /* Base */ = {isa = PBXFileReference; lastKnownFileType = file.storyboard; name = Base; path = Base.lproj/Main.storyboard; sourceTree = "<group>"; };
		530A9F69264D450A00DB593F /* Assets.xcassets */ = {isa = PBXFileReference; lastKnownFileType = folder.assetcatalog; path = Assets.xcassets; sourceTree = "<group>"; };
		530A9F6C264D450A00DB593F /* Base */ = {isa = PBXFileReference; lastKnownFileType = file.storyboard; name = Base; path = Base.lproj/LaunchScreen.storyboard; sourceTree = "<group>"; };
		530A9F6E264D450A00DB593F /* Info.plist */ = {isa = PBXFileReference; lastKnownFileType = text.plist.xml; path = Info.plist; sourceTree = "<group>"; };
		530A9F75264D469F00DB593F /* LoginVM.swift */ = {isa = PBXFileReference; lastKnownFileType = sourcecode.swift; path = LoginVM.swift; sourceTree = "<group>"; };
		530A9F78264D54C100DB593F /* UITextfield+Extension.swift */ = {isa = PBXFileReference; lastKnownFileType = sourcecode.swift; path = "UITextfield+Extension.swift"; sourceTree = "<group>"; };
		530A9F7B264D5C1400DB593F /* WelcomeVC.swift */ = {isa = PBXFileReference; lastKnownFileType = sourcecode.swift; path = WelcomeVC.swift; sourceTree = "<group>"; };
/* End PBXFileReference section */

/* Begin PBXFrameworksBuildPhase section */
		530A9F5A264D450700DB593F /* Frameworks */ = {
			isa = PBXFrameworksBuildPhase;
			buildActionMask = 2147483647;
			files = (
			);
			runOnlyForDeploymentPostprocessing = 0;
		};
/* End PBXFrameworksBuildPhase section */

/* Begin PBXGroup section */
		530A9F54264D450700DB593F = {
			isa = PBXGroup;
			children = (
				530A9F5F264D450700DB593F /* CombineDemo */,
				530A9F5E264D450700DB593F /* Products */,
			);
			sourceTree = "<group>";
		};
		530A9F5E264D450700DB593F /* Products */ = {
			isa = PBXGroup;
			children = (
				530A9F5D264D450700DB593F /* CombineDemo.app */,
			);
			name = Products;
			sourceTree = "<group>";
		};
		530A9F5F264D450700DB593F /* CombineDemo */ = {
			isa = PBXGroup;
			children = (
				530A9F60264D450700DB593F /* AppDelegate.swift */,
				530A9F62264D450700DB593F /* SceneDelegate.swift */,
				530A9F64264D450700DB593F /* ViewController.swift */,
				530A9F7B264D5C1400DB593F /* WelcomeVC.swift */,
				530A9F75264D469F00DB593F /* LoginVM.swift */,
				530A9F78264D54C100DB593F /* UITextfield+Extension.swift */,
				530A9F66264D450700DB593F /* Main.storyboard */,
				530A9F69264D450A00DB593F /* Assets.xcassets */,
				530A9F6B264D450A00DB593F /* LaunchScreen.storyboard */,
				530A9F6E264D450A00DB593F /* Info.plist */,
			);
			path = CombineDemo;
			sourceTree = "<group>";
		};
/* End PBXGroup section */

/* Begin PBXNativeTarget section */
		530A9F5C264D450700DB593F /* CombineDemo */ = {
			isa = PBXNativeTarget;
			buildConfigurationList = 530A9F71264D450A00DB593F /* Build configuration list for PBXNativeTarget "CombineDemo" */;
			buildPhases = (
				530A9F59264D450700DB593F /* Sources */,
				530A9F5A264D450700DB593F /* Frameworks */,
				530A9F5B264D450700DB593F /* Resources */,
			);
			buildRules = (
			);
			dependencies = (
			);
			name = CombineDemo;
			productName = CombineDemo;
			productReference = 530A9F5D264D450700DB593F /* CombineDemo.app */;
			productType = "com.apple.product-type.application";
		};
/* End PBXNativeTarget section */

/* Begin PBXProject section */
		530A9F55264D450700DB593F /* Project object */ = {
			isa = PBXProject;
			attributes = {
				LastSwiftUpdateCheck = 1240;
				LastUpgradeCheck = 1240;
				TargetAttributes = {
					530A9F5C264D450700DB593F = {
						CreatedOnToolsVersion = 12.4;
					};
				};
			};
			buildConfigurationList = 530A9F58264D450700DB593F /* Build configuration list for PBXProject "CombineDemo" */;
			compatibilityVersion = "Xcode 9.3";
			developmentRegion = en;
			hasScannedForEncodings = 0;
			knownRegions = (
				en,
				Base,
			);
			mainGroup = 530A9F54264D450700DB593F;
			productRefGroup = 530A9F5E264D450700DB593F /* Products */;
			projectDirPath = "";
			projectRoot = "";
			targets = (
				530A9F5C264D450700DB593F /* CombineDemo */,
			);
		};
/* End PBXProject section */

/* Begin PBXResourcesBuildPhase section */
		530A9F5B264D450700DB593F /* Resources */ = {
			isa = PBXResourcesBuildPhase;
			buildActionMask = 2147483647;
			files = (
				530A9F6D264D450A00DB593F /* LaunchScreen.storyboard in Resources */,
				530A9F6A264D450A00DB593F /* Assets.xcassets in Resources */,
				530A9F68264D450700DB593F /* Main.storyboard in Resources */,
			);
			runOnlyForDeploymentPostprocessing = 0;
		};
/* End PBXResourcesBuildPhase section */

/* Begin PBXSourcesBuildPhase section */
		530A9F59264D450700DB593F /* Sources */ = {
			isa = PBXSourcesBuildPhase;
			buildActionMask = 2147483647;
			files = (
				530A9F76264D469F00DB593F /* LoginVM.swift in Sources */,
				530A9F65264D450700DB593F /* ViewController.swift in Sources */,
				530A9F79264D54C100DB593F /* UITextfield+Extension.swift in Sources */,
				530A9F7C264D5C1500DB593F /* WelcomeVC.swift in Sources */,
				530A9F61264D450700DB593F /* AppDelegate.swift in Sources */,
				530A9F63264D450700DB593F /* SceneDelegate.swift in Sources */,
			);
			runOnlyForDeploymentPostprocessing = 0;
		};
/* End PBXSourcesBuildPhase section */

/* Begin PBXVariantGroup section */
		530A9F66264D450700DB593F /* Main.storyboard */ = {
			isa = PBXVariantGroup;
			children = (
				530A9F67264D450700DB593F /* Base */,
			);
			name = Main.storyboard;
			sourceTree = "<group>";
		};
		530A9F6B264D450A00DB593F /* LaunchScreen.storyboard */ = {
			isa = PBXVariantGroup;
			children = (
				530A9F6C264D450A00DB593F /* Base */,
			);
			name = LaunchScreen.storyboard;
			sourceTree = "<group>";
		};
/* End PBXVariantGroup section */

/* Begin XCBuildConfiguration section */
		530A9F6F264D450A00DB593F /* Debug */ = {
			isa = XCBuildConfiguration;
			buildSettings = {
				ALWAYS_SEARCH_USER_PATHS = NO;
				CLANG_ANALYZER_NONNULL = YES;
				CLANG_ANALYZER_NUMBER_OBJECT_CONVERSION = YES_AGGRESSIVE;
				CLANG_CXX_LANGUAGE_STANDARD = "gnu++14";
				CLANG_CXX_LIBRARY = "libc++";
				CLANG_ENABLE_MODULES = YES;
				CLANG_ENABLE_OBJC_ARC = YES;
				CLANG_ENABLE_OBJC_WEAK = YES;
				CLANG_WARN_BLOCK_CAPTURE_AUTORELEASING = YES;
				CLANG_WARN_BOOL_CONVERSION = YES;
				CLANG_WARN_COMMA = YES;
				CLANG_WARN_CONSTANT_CONVERSION = YES;
				CLANG_WARN_DEPRECATED_OBJC_IMPLEMENTATIONS = YES;
				CLANG_WARN_DIRECT_OBJC_ISA_USAGE = YES_ERROR;
				CLANG_WARN_DOCUMENTATION_COMMENTS = YES;
				CLANG_WARN_EMPTY_BODY = YES;
				CLANG_WARN_ENUM_CONVERSION = YES;
				CLANG_WARN_INFINITE_RECURSION = YES;
				CLANG_WARN_INT_CONVERSION = YES;
				CLANG_WARN_NON_LITERAL_NULL_CONVERSION = YES;
				CLANG_WARN_OBJC_IMPLICIT_RETAIN_SELF = YES;
				CLANG_WARN_OBJC_LITERAL_CONVERSION = YES;
				CLANG_WARN_OBJC_ROOT_CLASS = YES_ERROR;
				CLANG_WARN_QUOTED_INCLUDE_IN_FRAMEWORK_HEADER = YES;
				CLANG_WARN_RANGE_LOOP_ANALYSIS = YES;
				CLANG_WARN_STRICT_PROTOTYPES = YES;
				CLANG_WARN_SUSPICIOUS_MOVE = YES;
				CLANG_WARN_UNGUARDED_AVAILABILITY = YES_AGGRESSIVE;
				CLANG_WARN_UNREACHABLE_CODE = YES;
				CLANG_WARN__DUPLICATE_METHOD_MATCH = YES;
				COPY_PHASE_STRIP = NO;
				DEBUG_INFORMATION_FORMAT = dwarf;
				ENABLE_STRICT_OBJC_MSGSEND = YES;
				ENABLE_TESTABILITY = YES;
				GCC_C_LANGUAGE_STANDARD = gnu11;
				GCC_DYNAMIC_NO_PIC = NO;
				GCC_NO_COMMON_BLOCKS = YES;
				GCC_OPTIMIZATION_LEVEL = 0;
				GCC_PREPROCESSOR_DEFINITIONS = (
					"DEBUG=1",
					"$(inherited)",
				);
				GCC_WARN_64_TO_32_BIT_CONVERSION = YES;
				GCC_WARN_ABOUT_RETURN_TYPE = YES_ERROR;
				GCC_WARN_UNDECLARED_SELECTOR = YES;
				GCC_WARN_UNINITIALIZED_AUTOS = YES_AGGRESSIVE;
				GCC_WARN_UNUSED_FUNCTION = YES;
				GCC_WARN_UNUSED_VARIABLE = YES;
				IPHONEOS_DEPLOYMENT_TARGET = 14.4;
				MTL_ENABLE_DEBUG_INFO = INCLUDE_SOURCE;
				MTL_FAST_MATH = YES;
				ONLY_ACTIVE_ARCH = YES;
				SDKROOT = iphoneos;
				SWIFT_ACTIVE_COMPILATION_CONDITIONS = DEBUG;
				SWIFT_OPTIMIZATION_LEVEL = "-Onone";
			};
			name = Debug;
		};
		530A9F70264D450A00DB593F /* Release */ = {
			isa = XCBuildConfiguration;
			buildSettings = {
				ALWAYS_SEARCH_USER_PATHS = NO;
				CLANG_ANALYZER_NONNULL = YES;
				CLANG_ANALYZER_NUMBER_OBJECT_CONVERSION = YES_AGGRESSIVE;
				CLANG_CXX_LANGUAGE_STANDARD = "gnu++14";
				CLANG_CXX_LIBRARY = "libc++";
				CLANG_ENABLE_MODULES = YES;
				CLANG_ENABLE_OBJC_ARC = YES;
				CLANG_ENABLE_OBJC_WEAK = YES;
				CLANG_WARN_BLOCK_CAPTURE_AUTORELEASING = YES;
				CLANG_WARN_BOOL_CONVERSION = YES;
				CLANG_WARN_COMMA = YES;
				CLANG_WARN_CONSTANT_CONVERSION = YES;
				CLANG_WARN_DEPRECATED_OBJC_IMPLEMENTATIONS = YES;
				CLANG_WARN_DIRECT_OBJC_ISA_USAGE = YES_ERROR;
				CLANG_WARN_DOCUMENTATION_COMMENTS = YES;
				CLANG_WARN_EMPTY_BODY = YES;
				CLANG_WARN_ENUM_CONVERSION = YES;
				CLANG_WARN_INFINITE_RECURSION = YES;
				CLANG_WARN_INT_CONVERSION = YES;
				CLANG_WARN_NON_LITERAL_NULL_CONVERSION = YES;
				CLANG_WARN_OBJC_IMPLICIT_RETAIN_SELF = YES;
				CLANG_WARN_OBJC_LITERAL_CONVERSION = YES;
				CLANG_WARN_OBJC_ROOT_CLASS = YES_ERROR;
				CLANG_WARN_QUOTED_INCLUDE_IN_FRAMEWORK_HEADER = YES;
				CLANG_WARN_RANGE_LOOP_ANALYSIS = YES;
				CLANG_WARN_STRICT_PROTOTYPES = YES;
				CLANG_WARN_SUSPICIOUS_MOVE = YES;
				CLANG_WARN_UNGUARDED_AVAILABILITY = YES_AGGRESSIVE;
				CLANG_WARN_UNREACHABLE_CODE = YES;
				CLANG_WARN__DUPLICATE_METHOD_MATCH = YES;
				COPY_PHASE_STRIP = NO;
				DEBUG_INFORMATION_FORMAT = "dwarf-with-dsym";
				ENABLE_NS_ASSERTIONS = NO;
				ENABLE_STRICT_OBJC_MSGSEND = YES;
				GCC_C_LANGUAGE_STANDARD = gnu11;
				GCC_NO_COMMON_BLOCKS = YES;
				GCC_WARN_64_TO_32_BIT_CONVERSION = YES;
				GCC_WARN_ABOUT_RETURN_TYPE = YES_ERROR;
				GCC_WARN_UNDECLARED_SELECTOR = YES;
				GCC_WARN_UNINITIALIZED_AUTOS = YES_AGGRESSIVE;
				GCC_WARN_UNUSED_FUNCTION = YES;
				GCC_WARN_UNUSED_VARIABLE = YES;
				IPHONEOS_DEPLOYMENT_TARGET = 14.4;
				MTL_ENABLE_DEBUG_INFO = NO;
				MTL_FAST_MATH = YES;
				SDKROOT = iphoneos;
				SWIFT_COMPILATION_MODE = wholemodule;
				SWIFT_OPTIMIZATION_LEVEL = "-O";
				VALIDATE_PRODUCT = YES;
			};
			name = Release;
		};
		530A9F72264D450A00DB593F /* Debug */ = {
			isa = XCBuildConfiguration;
			buildSettings = {
				ASSETCATALOG_COMPILER_APPICON_NAME = AppIcon;
				ASSETCATALOG_COMPILER_GLOBAL_ACCENT_COLOR_NAME = AccentColor;
				CODE_SIGN_STYLE = Automatic;
				DEVELOPMENT_TEAM = "";
				INFOPLIST_FILE = CombineDemo/Info.plist;
				LD_RUNPATH_SEARCH_PATHS = (
					"$(inherited)",
					"@executable_path/Frameworks",
				);
				PRODUCT_BUNDLE_IDENTIFIER = com.demo.combine;
				PRODUCT_NAME = "$(TARGET_NAME)";
				SWIFT_VERSION = 5.0;
				TARGETED_DEVICE_FAMILY = "1,2";
			};
			name = Debug;
		};
		530A9F73264D450A00DB593F /* Release */ = {
			isa = XCBuildConfiguration;
			buildSettings = {
				ASSETCATALOG_COMPILER_APPICON_NAME = AppIcon;
				ASSETCATALOG_COMPILER_GLOBAL_ACCENT_COLOR_NAME = AccentColor;
				CODE_SIGN_STYLE = Automatic;
				DEVELOPMENT_TEAM = "";
				INFOPLIST_FILE = CombineDemo/Info.plist;
				LD_RUNPATH_SEARCH_PATHS = (
					"$(inherited)",
					"@executable_path/Frameworks",
				);
				PRODUCT_BUNDLE_IDENTIFIER = com.demo.combine;
				PRODUCT_NAME = "$(TARGET_NAME)";
				SWIFT_VERSION = 5.0;
				TARGETED_DEVICE_FAMILY = "1,2";
			};
			name = Release;
		};
/* End XCBuildConfiguration section */

/* Begin XCConfigurationList section */
		530A9F58264D450700DB593F /* Build configuration list for PBXProject "CombineDemo" */ = {
			isa = XCConfigurationList;
			buildConfigurations = (
				530A9F6F264D450A00DB593F /* Debug */,
				530A9F70264D450A00DB593F /* Release */,
			);
			defaultConfigurationIsVisible = 0;
			defaultConfigurationName = Release;
		};
		530A9F71264D450A00DB593F /* Build configuration list for PBXNativeTarget "CombineDemo" */ = {
			isa = XCConfigurationList;
			buildConfigurations = (
				530A9F72264D450A00DB593F /* Debug */,
				530A9F73264D450A00DB593F /* Release */,
			);
			defaultConfigurationIsVisible = 0;
			defaultConfigurationName = Release;
		};
/* End XCConfigurationList section */
	};
	rootObject = 530A9F55264D450700DB593F /* Project object */;
}
